# THIS IS AN AUTOGENERATED FILE. DO NOT EDIT THIS FILE DIRECTLY.
# yarn lockfile v1


"@docusaurus/types@^2.0.0-alpha.72":
  version "2.0.0-alpha.72"
  resolved "https://registry.yarnpkg.com/@docusaurus/types/-/types-2.0.0-alpha.72.tgz#5805b0536d584b67b914b937b0f08b17a47b8c18"
  integrity sha512-/AfFD2Kdfm2rvG5j1v0w0L5gVuTPIE2vGOgLZh6EGzJT/Xx6CDdso9aAbhHiGfQkQS3bu1BPpLWqKlX9Ovi/aw==
  dependencies:
    "@types/webpack" "^4.41.0"
    commander "^5.1.0"
    joi "^17.4.0"
    querystring "0.2.0"
    webpack-merge "^4.2.2"

"@hapi/hoek@^9.0.0":
  version "9.1.1"
  resolved "https://registry.yarnpkg.com/@hapi/hoek/-/hoek-9.1.1.tgz#9daf5745156fd84b8e9889a2dc721f0c58e894aa"
  integrity sha512-CAEbWH7OIur6jEOzaai83jq3FmKmv4PmX1JYfs9IrYcGEVI/lyL1EXJGCj7eFVJ0bg5QR8LMxBlEtA+xKiLpFw==

"@hapi/topo@^5.0.0":
  version "5.0.0"
  resolved "https://registry.yarnpkg.com/@hapi/topo/-/topo-5.0.0.tgz#c19af8577fa393a06e9c77b60995af959be721e7"
  integrity sha512-tFJlT47db0kMqVm3H4nQYgn6Pwg10GTZHb1pwmSiv1K4ks6drQOtfEF5ZnPjkvC+y4/bUPHK+bc87QvLcL+WMw==
  dependencies:
    "@hapi/hoek" "^9.0.0"

"@nodelib/fs.scandir@2.1.4":
  version "2.1.4"
  resolved "https://registry.yarnpkg.com/@nodelib/fs.scandir/-/fs.scandir-2.1.4.tgz#d4b3549a5db5de2683e0c1071ab4f140904bbf69"
  integrity sha512-33g3pMJk3bg5nXbL/+CY6I2eJDzZAni49PfJnL5fghPTggPvBd/pFNSgJsdAgWptuFu7qq/ERvOYFlhvsLTCKA==
  dependencies:
    "@nodelib/fs.stat" "2.0.4"
    run-parallel "^1.1.9"

"@nodelib/fs.stat@2.0.4", "@nodelib/fs.stat@^2.0.2":
  version "2.0.4"
  resolved "https://registry.yarnpkg.com/@nodelib/fs.stat/-/fs.stat-2.0.4.tgz#a3f2dd61bab43b8db8fa108a121cfffe4c676655"
  integrity sha512-IYlHJA0clt2+Vg7bccq+TzRdJvv19c2INqBSsoOLp1je7xjtr7J26+WXR72MCdvU9q1qTzIWDfhMf+DRvQJK4Q==

"@nodelib/fs.walk@^1.2.3":
  version "1.2.6"
  resolved "https://registry.yarnpkg.com/@nodelib/fs.walk/-/fs.walk-1.2.6.tgz#cce9396b30aa5afe9e3756608f5831adcb53d063"
  integrity sha512-8Broas6vTtW4GIXTAHDoE32hnN2M5ykgCpWGbuXHQ15vEMqr23pB76e/GZcYsZCHALv50ktd24qhEyKr6wBtow==
  dependencies:
    "@nodelib/fs.scandir" "2.1.4"
    fastq "^1.6.0"

"@sideway/address@^4.1.0":
  version "4.1.1"
  resolved "https://registry.yarnpkg.com/@sideway/address/-/address-4.1.1.tgz#9e321e74310963fdf8eebfbee09c7bd69972de4d"
  integrity sha512-+I5aaQr3m0OAmMr7RQ3fR9zx55sejEYR2BFJaxL+zT3VM2611X0SHvPWIbAUBZVTn/YzYKbV8gJ2oT/QELknfQ==
  dependencies:
    "@hapi/hoek" "^9.0.0"

"@sideway/formula@^3.0.0":
  version "3.0.0"
  resolved "https://registry.yarnpkg.com/@sideway/formula/-/formula-3.0.0.tgz#fe158aee32e6bd5de85044be615bc08478a0a13c"
  integrity sha512-vHe7wZ4NOXVfkoRb8T5otiENVlT7a3IAiw7H5M2+GO+9CDgcVUUsX1zalAztCmwyOr2RUTGJdgB+ZvSVqmdHmg==

"@sideway/pinpoint@^2.0.0":
  version "2.0.0"
  resolved "https://registry.yarnpkg.com/@sideway/pinpoint/-/pinpoint-2.0.0.tgz#cff8ffadc372ad29fd3f78277aeb29e632cc70df"
  integrity sha512-RNiOoTPkptFtSVzQevY/yWtZwf/RxyVnPy/OcA9HBM3MlGDnBEYL5B41H0MTn0Uec8Hi+2qUtTfG2WWZBmMejQ==

"@types/anymatch@*":
  version "1.3.1"
  resolved "https://registry.yarnpkg.com/@types/anymatch/-/anymatch-1.3.1.tgz#336badc1beecb9dacc38bea2cf32adf627a8421a"

"@types/globby@^9.1.0":
  version "9.1.0"
  resolved "https://registry.yarnpkg.com/@types/globby/-/globby-9.1.0.tgz#08e2cf99c64f8e45c6cfbe05e9d8ac763aca6482"
  integrity sha512-9du/HCA71EBz7syHRnM4Q/u4Fbx3SyN/Uu+4Of9lyPX4A6Xi+A8VMxvx8j5/CMTfrae2Zwdwg0fAaKvKXfRbAw==
  dependencies:
    globby "*"

"@types/node@*", "@types/node@^13.11.1":
  version "13.11.1"
  resolved "https://registry.yarnpkg.com/@types/node/-/node-13.11.1.tgz#49a2a83df9d26daacead30d0ccc8762b128d53c7"

"@types/source-list-map@*":
  version "0.1.2"
  resolved "https://registry.yarnpkg.com/@types/source-list-map/-/source-list-map-0.1.2.tgz#0078836063ffaf17412349bba364087e0ac02ec9"

"@types/tapable@*":
  version "1.0.5"
  resolved "https://registry.yarnpkg.com/@types/tapable/-/tapable-1.0.5.tgz#9adbc12950582aa65ead76bffdf39fe0c27a3c02"

"@types/uglify-js@*":
  version "3.0.5"
  resolved "https://registry.yarnpkg.com/@types/uglify-js/-/uglify-js-3.0.5.tgz#2c70d5c68f6e002e3b2e4f849adc5f162546f633"
  dependencies:
    source-map "^0.6.1"

"@types/webpack-sources@*":
  version "0.1.7"
  resolved "https://registry.yarnpkg.com/@types/webpack-sources/-/webpack-sources-0.1.7.tgz#0a330a9456113410c74a5d64180af0cbca007141"
  dependencies:
    "@types/node" "*"
    "@types/source-list-map" "*"
    source-map "^0.6.1"

"@types/webpack@^4.41.0":
  version "4.41.11"
  resolved "https://registry.yarnpkg.com/@types/webpack/-/webpack-4.41.11.tgz#7b7f725397d3b630bede05415d34e9ff30d9771f"
  dependencies:
    "@types/anymatch" "*"
    "@types/node" "*"
    "@types/tapable" "*"
    "@types/uglify-js" "*"
    "@types/webpack-sources" "*"
    source-map "^0.6.0"

argparse@^1.0.7:
  version "1.0.10"
  resolved "https://registry.yarnpkg.com/argparse/-/argparse-1.0.10.tgz#bcd6791ea5ae09725e17e5ad988134cd40b3d911"
  dependencies:
    sprintf-js "~1.0.2"

array-union@^2.1.0:
  version "2.1.0"
  resolved "https://registry.yarnpkg.com/array-union/-/array-union-2.1.0.tgz#b798420adbeb1de828d84acd8a2e23d3efe85e8d"
  integrity sha512-HGyxoOTYUyCM6stUe6EJgnd4EoewAI7zMdfqO+kGjnlZmBDz/cR5pf8r/cR4Wq60sL/p0IkcjUEEPwS3GFrIyw==

braces@^3.0.1:
  version "3.0.2"
  resolved "https://registry.yarnpkg.com/braces/-/braces-3.0.2.tgz#3454e1a462ee8d599e236df336cd9ea4f8afe107"
  integrity sha512-b8um+L1RzM3WDSzvhm6gIz1yfTbBt6YTlcEKAvsmqCZZFw46z626lVj9j1yEPW33H5H+lBQpZMP1k8l+78Ha0A==
  dependencies:
    fill-range "^7.0.1"

commander@^5.1.0:
  version "5.1.0"
  resolved "https://registry.yarnpkg.com/commander/-/commander-5.1.0.tgz#46abbd1652f8e059bddaef99bbdcb2ad9cf179ae"
  integrity sha512-P0CysNDQ7rtVw4QIQtm+MRxV66vKFSvlsQvGYXZWR3qFU0jlMKHZZZgw8e+8DSah4UDKMqnknRDQz+xuQXQ/Zg==

dir-glob@^3.0.1:
  version "3.0.1"
  resolved "https://registry.yarnpkg.com/dir-glob/-/dir-glob-3.0.1.tgz#56dbf73d992a4a93ba1584f4534063fd2e41717f"
  integrity sha512-WkrWp9GR4KXfKGYzOLmTuGVi1UWFfws377n9cc55/tb6DuqyF6pcQ5AbiHEshaDpY9v6oaSr2XCDidGmMwdzIA==
  dependencies:
    path-type "^4.0.0"

esprima@^4.0.0:
  version "4.0.1"
  resolved "https://registry.yarnpkg.com/esprima/-/esprima-4.0.1.tgz#13b04cdb3e6c5d19df91ab6987a8695619b0aa71"

fast-glob@^3.1.1:
  version "3.2.5"
  resolved "https://registry.yarnpkg.com/fast-glob/-/fast-glob-3.2.5.tgz#7939af2a656de79a4f1901903ee8adcaa7cb9661"
  integrity sha512-2DtFcgT68wiTTiwZ2hNdJfcHNke9XOfnwmBRWXhmeKM8rF0TGwmC/Qto3S7RoZKp5cilZbxzO5iTNTQsJ+EeDg==
  dependencies:
    "@nodelib/fs.stat" "^2.0.2"
    "@nodelib/fs.walk" "^1.2.3"
    glob-parent "^5.1.0"
    merge2 "^1.3.0"
    micromatch "^4.0.2"
    picomatch "^2.2.1"

fastq@^1.6.0:
  version "1.11.0"
  resolved "https://registry.yarnpkg.com/fastq/-/fastq-1.11.0.tgz#bb9fb955a07130a918eb63c1f5161cc32a5d0858"
  integrity sha512-7Eczs8gIPDrVzT+EksYBcupqMyxSHXXrHOLRRxU2/DicV8789MRBRR8+Hc2uWzUupOs4YS4JzBmBxjjCVBxD/g==
  dependencies:
    reusify "^1.0.4"

fill-range@^7.0.1:
  version "7.0.1"
  resolved "https://registry.yarnpkg.com/fill-range/-/fill-range-7.0.1.tgz#1919a6a7c75fe38b2c7c77e5198535da9acdda40"
  integrity sha512-qOo9F+dMUmC2Lcb4BbVvnKJxTPjCm+RRpe4gDuGrzkL7mEVl/djYSu2OdQ2Pa302N4oqkSg9ir6jaLWJ2USVpQ==
  dependencies:
    to-regex-range "^5.0.1"

glob-parent@^5.1.0:
  version "5.1.2"
  resolved "https://registry.yarnpkg.com/glob-parent/-/glob-parent-5.1.2.tgz#869832c58034fe68a4093c17dc15e8340d8401c4"
  integrity sha512-AOIgSQCepiJYwP3ARnGx+5VnTu2HBYdzbGP45eLw1vr3zB3vZLeyed1sC9hnbcOc9/SrMyM5RPQrkGz4aS9Zow==
  dependencies:
    is-glob "^4.0.1"

globby@*, globby@^11.0.3:
  version "11.0.3"
  resolved "https://registry.yarnpkg.com/globby/-/globby-11.0.3.tgz#9b1f0cb523e171dd1ad8c7b2a9fb4b644b9593cb"
  integrity sha512-ffdmosjA807y7+lA1NM0jELARVmYul/715xiILEjo3hBLPTcirgQNnXECn5g3mtR8TOLCVbkfua1Hpen25/Xcg==
  dependencies:
    array-union "^2.1.0"
    dir-glob "^3.0.1"
    fast-glob "^3.1.1"
    ignore "^5.1.4"
    merge2 "^1.3.0"
    slash "^3.0.0"

ignore@^5.1.4:
  version "5.1.8"
  resolved "https://registry.yarnpkg.com/ignore/-/ignore-5.1.8.tgz#f150a8b50a34289b33e22f5889abd4d8016f0e57"
  integrity sha512-BMpfD7PpiETpBl/A6S498BaIJ6Y/ABT93ETbby2fP00v4EbvPBXWEoaR1UBPKs3iR53pJY7EtZk5KACI57i1Uw==

is-extglob@^2.1.1:
  version "2.1.1"
  resolved "https://registry.yarnpkg.com/is-extglob/-/is-extglob-2.1.1.tgz#a88c02535791f02ed37c76a1b9ea9773c833f8c2"
  integrity sha1-qIwCU1eR8C7TfHahueqXc8gz+MI=

is-glob@^4.0.1:
  version "4.0.1"
  resolved "https://registry.yarnpkg.com/is-glob/-/is-glob-4.0.1.tgz#7567dbe9f2f5e2467bc77ab83c4a29482407a5dc"
  integrity sha512-5G0tKtBTFImOqDnLB2hG6Bp2qcKEFduo4tZu9MT/H6NQv/ghhy30o55ufafxJ/LdH79LLs2Kfrn85TLKyA7BUg==
  dependencies:
    is-extglob "^2.1.1"

is-number@^7.0.0:
  version "7.0.0"
  resolved "https://registry.yarnpkg.com/is-number/-/is-number-7.0.0.tgz#7535345b896734d5f80c4d06c50955527a14f12b"
  integrity sha512-41Cifkg6e8TylSpdtTpeLVMqvSBEVzTttHvERD741+pnZ8ANv0004MRL43QKPDlK9cGvNp6NZWZUBlbGXYxxng==

joi@^17.4.0:
  version "17.4.0"
  resolved "https://registry.yarnpkg.com/joi/-/joi-17.4.0.tgz#b5c2277c8519e016316e49ababd41a1908d9ef20"
  integrity sha512-F4WiW2xaV6wc1jxete70Rw4V/VuMd6IN+a5ilZsxG4uYtUXWu2kq9W5P2dz30e7Gmw8RCbY/u/uk+dMPma9tAg==
  dependencies:
    "@hapi/hoek" "^9.0.0"
    "@hapi/topo" "^5.0.0"
    "@sideway/address" "^4.1.0"
    "@sideway/formula" "^3.0.0"
    "@sideway/pinpoint" "^2.0.0"

js-yaml@^3.13.1:
  version "3.13.1"
  resolved "https://registry.yarnpkg.com/js-yaml/-/js-yaml-3.13.1.tgz#aff151b30bfdfa8e49e05da22e7415e9dfa37847"
  dependencies:
    argparse "^1.0.7"
    esprima "^4.0.0"

lodash@^4.17.15:
  version "4.17.21"
  resolved "https://registry.yarnpkg.com/lodash/-/lodash-4.17.21.tgz#679591c564c3bffaae8454cf0b3df370c3d6911c"
  integrity sha512-v2kDEe57lecTulaDIuNTPy3Ry4gLGJ6Z1O3vE1krgXZNrsQ+LFTGHVxVjcXPs17LhbZVGedAJv8XZ1tvj5FvSg==

merge2@^1.3.0:
  version "1.4.1"
  resolved "https://registry.yarnpkg.com/merge2/-/merge2-1.4.1.tgz#4368892f885e907455a6fd7dc55c0c9d404990ae"
  integrity sha512-8q7VEgMJW4J8tcfVPy8g09NcQwZdbwFEqhe/WZkoIzjn/3TGDwtOCYtXGxA3O8tPzpczCCDgv+P2P5y00ZJOOg==

micromatch@^4.0.2:
  version "4.0.2"
  resolved "https://registry.yarnpkg.com/micromatch/-/micromatch-4.0.2.tgz#4fcb0999bf9fbc2fcbdd212f6d629b9a56c39259"
  integrity sha512-y7FpHSbMUMoyPbYUSzO6PaZ6FyRnQOpHuKwbo1G+Knck95XVU4QAiKdGEnj5wwoS7PlOgthX/09u5iFJ+aYf5Q==
  dependencies:
    braces "^3.0.1"
    picomatch "^2.0.5"

path-type@^4.0.0:
  version "4.0.0"
  resolved "https://registry.yarnpkg.com/path-type/-/path-type-4.0.0.tgz#84ed01c0a7ba380afe09d90a8c180dcd9d03043b"
  integrity sha512-gDKb8aZMDeD/tZWs9P6+q0J9Mwkdl6xMV8TjnGP3qJVJ06bdMgkbBlLU8IdfOsIsFz2BW1rNVT3XuNEl8zPAvw==

picomatch@^2.0.5, picomatch@^2.2.1:
  version "2.2.2"
  resolved "https://registry.yarnpkg.com/picomatch/-/picomatch-2.2.2.tgz#21f333e9b6b8eaff02468f5146ea406d345f4dad"
  integrity sha512-q0M/9eZHzmr0AulXyPwNfZjtwZ/RBZlbN3K3CErVrk50T2ASYI7Bye0EvekFY3IP1Nt2DHu0re+V2ZHIpMkuWg==

querystring@0.2.0:
  version "0.2.0"
  resolved "https://registry.yarnpkg.com/querystring/-/querystring-0.2.0.tgz#b209849203bb25df820da756e747005878521620"

queue-microtask@^1.2.2:
  version "1.2.3"
  resolved "https://registry.yarnpkg.com/queue-microtask/-/queue-microtask-1.2.3.tgz#4929228bbc724dfac43e0efb058caf7b6cfb6243"
  integrity sha512-NuaNSa6flKT5JaSYQzJok04JzTL1CA6aGhv5rfLW3PgqA+M2ChpZQnAC8h8i4ZFkBS8X5RqkDBHA7r4hej3K9A==

reusify@^1.0.4:
  version "1.0.4"
  resolved "https://registry.yarnpkg.com/reusify/-/reusify-1.0.4.tgz#90da382b1e126efc02146e90845a88db12925d76"
  integrity sha512-U9nH88a3fc/ekCF1l0/UP1IosiuIjyTh7hBvXVMHYgVcfGvt897Xguj2UOLDeI5BG2m7/uwyaLVT6fbtCwTyzw==

run-parallel@^1.1.9:
  version "1.2.0"
  resolved "https://registry.yarnpkg.com/run-parallel/-/run-parallel-1.2.0.tgz#66d1368da7bdf921eb9d95bd1a9229e7f21a43ee"
  integrity sha512-5l4VyZR86LZ/lDxZTR6jqL8AFE2S0IFLMP26AbjsLVADxHdhB/c0GUsH+y39UfCi3dzz8OlQuPmnaJOMoDHQBA==
  dependencies:
    queue-microtask "^1.2.2"

slash@^3.0.0:
  version "3.0.0"
  resolved "https://registry.yarnpkg.com/slash/-/slash-3.0.0.tgz#6539be870c165adbd5240220dbe361f1bc4d4634"
  integrity sha512-g9Q1haeby36OSStwb4ntCGGGaKsaVSjQ68fBxoQcutl5fS1vuY18H3wSt3jFyFtrkx+Kz0V1G85A4MyAdDMi2Q==

source-map@^0.6.0, source-map@^0.6.1:
  version "0.6.1"
  resolved "https://registry.yarnpkg.com/source-map/-/source-map-0.6.1.tgz#74722af32e9614e9c287a8d0bbde48b5e2f1a263"

sprintf-js@~1.0.2:
  version "1.0.3"
  resolved "https://registry.yarnpkg.com/sprintf-js/-/sprintf-js-1.0.3.tgz#04e6926f662895354f3dd015203633b857297e2c"

to-regex-range@^5.0.1:
  version "5.0.1"
  resolved "https://registry.yarnpkg.com/to-regex-range/-/to-regex-range-5.0.1.tgz#1648c44aae7c8d988a326018ed72f5b4dd0392e4"
  integrity sha512-65P7iz6X5yEr1cwcgvQxbbIw7Uk3gOy5dIdtZ4rDveLqhrdJP+Li/Hx6tyK0NEb+2GCyneCMJiGqrADCSNk8sQ==
  dependencies:
    is-number "^7.0.0"

typescript@^3.8.3:
  version "3.8.3"
  resolved "https://registry.yarnpkg.com/typescript/-/typescript-3.8.3.tgz#409eb8544ea0335711205869ec458ab109ee1061"

webpack-merge@^4.2.2:
  version "4.2.2"
  resolved "https://registry.yarnpkg.com/webpack-merge/-/webpack-merge-4.2.2.tgz#a27c52ea783d1398afd2087f547d7b9d2f43634d"
  integrity sha512-TUE1UGoTX2Cd42j3krGYqObZbOD+xF7u28WB7tfUordytSjbWTIjK/8V0amkBfTYN4/pB/GIDlJZZ657BGG19g==
  dependencies:
    lodash "^4.17.15"
